{
  "repo": "https://github.com/HendoCode/masthead.git",
  "ref": "5fc473cd87c750e22173d5730fb425df44579a5b",
  "note": "Known-good masthead commit (main HEAD at re-point time) that agents/ is built and tested against (BRAIN_REF). Runtime still tracks the live branch and is unaffected by this pin. See agents/app/git/README.md for the pin/bump workflow."
}
